
Microsoft Visual Studio Solution File, Format Version 12.00
# Visual Studio Version 17
VisualStudioVersion = 17.1.32228.430
MinimumVisualStudioVersion = 10.0.40219.1
Project("{2150E333-8FDC-42A3-9474-1A3956D46DE8}") = "tests", "tests", "{CA85167D-9107-4FE0-918D-517DB9CADFFB}"
EndProject
Project("{9A19103F-16F7-4668-BE54-9A1E7A4F7556}") = "Mvc", "Api\Mvc.csproj", "{5B240128-6A50-441A-A4BC-14A811DE6150}"
EndProject
Project("{9A19103F-16F7-4668-BE54-9A1E7A4F7556}") = "Core", "Core\Core.csproj", "{7A2FCE6B-8425-4B1D-91A4-7862CBD44065}"
EndProject
Project("{9A19103F-16F7-4668-BE54-9A1E7A4F7556}") = "Infra", "Infra\Infra.csproj", "{A26C4F98-0D29-4635-A5B4-2572F42F8FA5}"
EndProject
Global
	GlobalSection(SolutionConfigurationPlatforms) = preSolution
		Debug|Any CPU = Debug|Any CPU
		Release|Any CPU = Release|Any CPU
	EndGlobalSection
	GlobalSection(ProjectConfigurationPlatforms) = postSolution
		{5B240128-6A50-441A-A4BC-14A811DE6150}.Debug|Any CPU.ActiveCfg = Debug|Any CPU
		{5B240128-6A50-441A-A4BC-14A811DE6150}.Debug|Any CPU.Build.0 = Debug|Any CPU
		{5B240128-6A50-441A-A4BC-14A811DE6150}.Release|Any CPU.ActiveCfg = Release|Any CPU
		{5B240128-6A50-441A-A4BC-14A811DE6150}.Release|Any CPU.Build.0 = Release|Any CPU
		{7A2FCE6B-8425-4B1D-91A4-7862CBD44065}.Debug|Any CPU.ActiveCfg = Debug|Any CPU
		{7A2FCE6B-8425-4B1D-91A4-7862CBD44065}.Debug|Any CPU.Build.0 = Debug|Any CPU
		{7A2FCE6B-8425-4B1D-91A4-7862CBD44065}.Release|Any CPU.ActiveCfg = Release|Any CPU
		{7A2FCE6B-8425-4B1D-91A4-7862CBD44065}.Release|Any CPU.Build.0 = Release|Any CPU
		{A26C4F98-0D29-4635-A5B4-2572F42F8FA5}.Debug|Any CPU.ActiveCfg = Debug|Any CPU
		{A26C4F98-0D29-4635-A5B4-2572F42F8FA5}.Debug|Any CPU.Build.0 = Debug|Any CPU
		{A26C4F98-0D29-4635-A5B4-2572F42F8FA5}.Release|Any CPU.ActiveCfg = Release|Any CPU
		{A26C4F98-0D29-4635-A5B4-2572F42F8FA5}.Release|Any CPU.Build.0 = Release|Any CPU
	EndGlobalSection
	GlobalSection(SolutionProperties) = preSolution
		HideSolutionNode = FALSE
	EndGlobalSection
	GlobalSection(ExtensibilityGlobals) = postSolution
		SolutionGuid = {17FE83C9-F32A-4E16-A4C0-0ECA7A77F652}
	EndGlobalSection
EndGlobal
